
Microsoft Visual Studio Solution File, Format Version 11.00
# Visual Studio 2010
Project("{FAE04EC0-301F-11D3-BF4B-00C04F79EFBC}") = "Assembly-CSharp", "Assembly-CSharp.csproj", "{CF2BAE04-B942-9A4C-6A65-802C625AB56C}"
EndProject
Project("{FAE04EC0-301F-11D3-BF4B-00C04F79EFBC}") = "Assembly-CSharp-Editor", "Assembly-CSharp-Editor.csproj", "{94C94FED-5724-7B8E-FCBB-1EB5C6CA8740}"
EndProject
Global
	GlobalSection(SolutionConfigurationPlatforms) = preSolution
		Debug|Any CPU = Debug|Any CPU
		Release|Any CPU = Release|Any CPU
	EndGlobalSection
	GlobalSection(ProjectConfigurationPlatforms) = postSolution
		{CF2BAE04-B942-9A4C-6A65-802C625AB56C}.Debug|Any CPU.ActiveCfg = Debug|Any CPU
		{CF2BAE04-B942-9A4C-6A65-802C625AB56C}.Debug|Any CPU.Build.0 = Debug|Any CPU
		{CF2BAE04-B942-9A4C-6A65-802C625AB56C}.Release|Any CPU.ActiveCfg = Release|Any CPU
		{CF2BAE04-B942-9A4C-6A65-802C625AB56C}.Release|Any CPU.Build.0 = Release|Any CPU
		{94C94FED-5724-7B8E-FCBB-1EB5C6CA8740}.Debug|Any CPU.ActiveCfg = Debug|Any CPU
		{94C94FED-5724-7B8E-FCBB-1EB5C6CA8740}.Debug|Any CPU.Build.0 = Debug|Any CPU
		{94C94FED-5724-7B8E-FCBB-1EB5C6CA8740}.Release|Any CPU.ActiveCfg = Release|Any CPU
		{94C94FED-5724-7B8E-FCBB-1EB5C6CA8740}.Release|Any CPU.Build.0 = Release|Any CPU
	EndGlobalSection
	GlobalSection(SolutionProperties) = preSolution
		HideSolutionNode = FALSE
	EndGlobalSection
EndGlobal
